
Microsoft Visual Studio Solution File, Format Version 12.00
# Visual Studio Version 16
VisualStudioVersion = 16.0.31911.196
MinimumVisualStudioVersion = 10.0.40219.1
Project("{FAE04EC0-301F-11D3-BF4B-00C04F79EFBC}") = "LabWork_№1_01.02", "LabWork_№1_01.02\LabWork_№1_01.02.csproj", "{DA53FE66-AAD9-43BC-BEFE-E2E253AC2921}"
EndProject
Global
	GlobalSection(SolutionConfigurationPlatforms) = preSolution
		Debug|Any CPU = Debug|Any CPU
		Release|Any CPU = Release|Any CPU
	EndGlobalSection
	GlobalSection(ProjectConfigurationPlatforms) = postSolution
		{DA53FE66-AAD9-43BC-BEFE-E2E253AC2921}.Debug|Any CPU.ActiveCfg = Debug|Any CPU
		{DA53FE66-AAD9-43BC-BEFE-E2E253AC2921}.Debug|Any CPU.Build.0 = Debug|Any CPU
		{DA53FE66-AAD9-43BC-BEFE-E2E253AC2921}.Release|Any CPU.ActiveCfg = Release|Any CPU
		{DA53FE66-AAD9-43BC-BEFE-E2E253AC2921}.Release|Any CPU.Build.0 = Release|Any CPU
	EndGlobalSection
	GlobalSection(SolutionProperties) = preSolution
		HideSolutionNode = FALSE
	EndGlobalSection
	GlobalSection(ExtensibilityGlobals) = postSolution
		SolutionGuid = {1C8C1C44-63B6-4086-81B7-8B8E79163F3A}
	EndGlobalSection
EndGlobal
